// !$*UTF8*$!
{
	archiveVersion = 1;
	classes = {
	};
	objectVersion = 77;
	objects = {

/* Begin PBXContainerItemProxy section */
		67FBFB9C2D8B5A6600B32C5F /* PBXContainerItemProxy */ = {
			isa = PBXContainerItemProxy;
			containerPortal = 67FBFB7E2D8B5A6200B32C5F /* Project object */;
			proxyType = 1;
			remoteGlobalIDString = 67FBFB852D8B5A6200B32C5F;
			remoteInfo = FLAGMAPPER;
		};
		67FBFBA62D8B5A6600B32C5F /* PBXContainerItemProxy */ = {
			isa = PBXContainerItemProxy;
			containerPortal = 67FBFB7E2D8B5A6200B32C5F /* Project object */;
			proxyType = 1;
			remoteGlobalIDString = 67FBFB852D8B5A6200B32C5F;
			remoteInfo = FLAGMAPPER;
		};
/* End PBXContainerItemProxy section */

/* Begin PBXFileReference section */
		67FBFB862D8B5A6200B32C5F /* FLAGMAPPER.app */ = {isa = PBXFileReference; explicitFileType = wrapper.application; includeInIndex = 0; path = FLAGMAPPER.app; sourceTree = BUILT_PRODUCTS_DIR; };
		67FBFB9B2D8B5A6600B32C5F /* FLAGMAPPERTests.xctest */ = {isa = PBXFileReference; explicitFileType = wrapper.cfbundle; includeInIndex = 0; path = FLAGMAPPERTests.xctest; sourceTree = BUILT_PRODUCTS_DIR; };
		67FBFBA52D8B5A6600B32C5F /* FLAGMAPPERUITests.xctest */ = {isa = PBXFileReference; explicitFileType = wrapper.cfbundle; includeInIndex = 0; path = FLAGMAPPERUITests.xctest; sourceTree = BUILT_PRODUCTS_DIR; };
/* End PBXFileReference section */

/* Begin PBXFileSystemSynchronizedRootGroup section */
		67FBFB882D8B5A6200B32C5F /* FLAGMAPPER */ = {
			isa = PBXFileSystemSynchronizedRootGroup;
			path = FLAGMAPPER;
			sourceTree = "<group>";
		};
		67FBFB9E2D8B5A6600B32C5F /* FLAGMAPPERTests */ = {
			isa = PBXFileSystemSynchronizedRootGroup;
			path = FLAGMAPPERTests;
			sourceTree = "<group>";
		};
		67FBFBA82D8B5A6600B32C5F /* FLAGMAPPERUITests */ = {
			isa = PBXFileSystemSynchronizedRootGroup;
			path = FLAGMAPPERUITests;
			sourceTree = "<group>";
		};
/* End PBXFileSystemSynchronizedRootGroup section */

/* Begin PBXFrameworksBuildPhase section */
		67FBFB832D8B5A6200B32C5F /* Frameworks */ = {
			isa = PBXFrameworksBuildPhase;
			buildActionMask = 2147483647;
			files = (
			);
			runOnlyForDeploymentPostprocessing = 0;
		};
		67FBFB982D8B5A6600B32C5F /* Frameworks */ = {
			isa = PBXFrameworksBuildPhase;
			buildActionMask = 2147483647;
			files = (
			);
			runOnlyForDeploymentPostprocessing = 0;
		};
		67FBFBA22D8B5A6600B32C5F /* Frameworks */ = {
			isa = PBXFrameworksBuildPhase;
			buildActionMask = 2147483647;
			files = (
			);
			runOnlyForDeploymentPostprocessing = 0;
		};
/* End PBXFrameworksBuildPhase section */

/* Begin PBXGroup section */
		67FBFB7D2D8B5A6200B32C5F = {
			isa = PBXGroup;
			children = (
				67FBFB882D8B5A6200B32C5F /* FLAGMAPPER */,
				67FBFB9E2D8B5A6600B32C5F /* FLAGMAPPERTests */,
				67FBFBA82D8B5A6600B32C5F /* FLAGMAPPERUITests */,
				67FBFB872D8B5A6200B32C5F /* Products */,
			);
			sourceTree = "<group>";
		};
		67FBFB872D8B5A6200B32C5F /* Products */ = {
			isa = PBXGroup;
			children = (
				67FBFB862D8B5A6200B32C5F /* FLAGMAPPER.app */,
				67FBFB9B2D8B5A6600B32C5F /* FLAGMAPPERTests.xctest */,
				67FBFBA52D8B5A6600B32C5F /* FLAGMAPPERUITests.xctest */,
			);
			name = Products;
			sourceTree = "<group>";
		};
/* End PBXGroup section */

/* Begin PBXNativeTarget section */
		67FBFB852D8B5A6200B32C5F /* FLAGMAPPER */ = {
			isa = PBXNativeTarget;
			buildConfigurationList = 67FBFBAF2D8B5A6600B32C5F /* Build configuration list for PBXNativeTarget "FLAGMAPPER" */;
			buildPhases = (
				67FBFB822D8B5A6200B32C5F /* Sources */,
				67FBFB832D8B5A6200B32C5F /* Frameworks */,
				67FBFB842D8B5A6200B32C5F /* Resources */,
			);
			buildRules = (
			);
			dependencies = (
			);
			fileSystemSynchronizedGroups = (
				67FBFB882D8B5A6200B32C5F /* FLAGMAPPER */,
			);
			name = FLAGMAPPER;
			packageProductDependencies = (
			);
			productName = FLAGMAPPER;
			productReference = 67FBFB862D8B5A6200B32C5F /* FLAGMAPPER.app */;
			productType = "com.apple.product-type.application";
		};
		67FBFB9A2D8B5A6600B32C5F /* FLAGMAPPERTests */ = {
			isa = PBXNativeTarget;
			buildConfigurationList = 67FBFBB22D8B5A6600B32C5F /* Build configuration list for PBXNativeTarget "FLAGMAPPERTests" */;
			buildPhases = (
				67FBFB972D8B5A6600B32C5F /* Sources */,
				67FBFB982D8B5A6600B32C5F /* Frameworks */,
				67FBFB992D8B5A6600B32C5F /* Resources */,
			);
			buildRules = (
			);
			dependencies = (
				67FBFB9D2D8B5A6600B32C5F /* PBXTargetDependency */,
			);
			fileSystemSynchronizedGroups = (
				67FBFB9E2D8B5A6600B32C5F /* FLAGMAPPERTests */,
			);
			name = FLAGMAPPERTests;
			packageProductDependencies = (
			);
			productName = FLAGMAPPERTests;
			productReference = 67FBFB9B2D8B5A6600B32C5F /* FLAGMAPPERTests.xctest */;
			productType = "com.apple.product-type.bundle.unit-test";
		};
		67FBFBA42D8B5A6600B32C5F /* FLAGMAPPERUITests */ = {
			isa = PBXNativeTarget;
			buildConfigurationList = 67FBFBB52D8B5A6600B32C5F /* Build configuration list for PBXNativeTarget "FLAGMAPPERUITests" */;
			buildPhases = (
				67FBFBA12D8B5A6600B32C5F /* Sources */,
				67FBFBA22D8B5A6600B32C5F /* Frameworks */,
				67FBFBA32D8B5A6600B32C5F /* Resources */,
			);
			buildRules = (
			);
			dependencies = (
				67FBFBA72D8B5A6600B32C5F /* PBXTargetDependency */,
			);
			fileSystemSynchronizedGroups = (
				67FBFBA82D8B5A6600B32C5F /* FLAGMAPPERUITests */,
			);
			name = FLAGMAPPERUITests;
			packageProductDependencies = (
			);
			productName = FLAGMAPPERUITests;
			productReference = 67FBFBA52D8B5A6600B32C5F /* FLAGMAPPERUITests.xctest */;
			productType = "com.apple.product-type.bundle.ui-testing";
		};
/* End PBXNativeTarget section */

/* Begin PBXProject section */
		67FBFB7E2D8B5A6200B32C5F /* Project object */ = {
			isa = PBXProject;
			attributes = {
				BuildIndependentTargetsInParallel = 1;
				LastSwiftUpdateCheck = 1620;
				LastUpgradeCheck = 1620;
				TargetAttributes = {
					67FBFB852D8B5A6200B32C5F = {
						CreatedOnToolsVersion = 16.2;
					};
					67FBFB9A2D8B5A6600B32C5F = {
						CreatedOnToolsVersion = 16.2;
						TestTargetID = 67FBFB852D8B5A6200B32C5F;
					};
					67FBFBA42D8B5A6600B32C5F = {
						CreatedOnToolsVersion = 16.2;
						TestTargetID = 67FBFB852D8B5A6200B32C5F;
					};
				};
			};
			buildConfigurationList = 67FBFB812D8B5A6200B32C5F /* Build configuration list for PBXProject "FLAGMAPPER" */;
			developmentRegion = en;
			hasScannedForEncodings = 0;
			knownRegions = (
				en,
				Base,
			);
			mainGroup = 67FBFB7D2D8B5A6200B32C5F;
			minimizedProjectReferenceProxies = 1;
			preferredProjectObjectVersion = 77;
			productRefGroup = 67FBFB872D8B5A6200B32C5F /* Products */;
			projectDirPath = "";
			projectRoot = "";
			targets = (
				67FBFB852D8B5A6200B32C5F /* FLAGMAPPER */,
				67FBFB9A2D8B5A6600B32C5F /* FLAGMAPPERTests */,
				67FBFBA42D8B5A6600B32C5F /* FLAGMAPPERUITests */,
			);
		};
/* End PBXProject section */

/* Begin PBXResourcesBuildPhase section */
		67FBFB842D8B5A6200B32C5F /* Resources */ = {
			isa = PBXResourcesBuildPhase;
			buildActionMask = 2147483647;
			files = (
			);
			runOnlyForDeploymentPostprocessing = 0;
		};
		67FBFB992D8B5A6600B32C5F /* Resources */ = {
			isa = PBXResourcesBuildPhase;
			buildActionMask = 2147483647;
			files = (
			);
			runOnlyForDeploymentPostprocessing = 0;
		};
		67FBFBA32D8B5A6600B32C5F /* Resources */ = {
			isa = PBXResourcesBuildPhase;
			buildActionMask = 2147483647;
			files = (
			);
			runOnlyForDeploymentPostprocessing = 0;
		};
/* End PBXResourcesBuildPhase section */

/* Begin PBXSourcesBuildPhase section */
		67FBFB822D8B5A6200B32C5F /* Sources */ = {
			isa = PBXSourcesBuildPhase;
			buildActionMask = 2147483647;
			files = (
			);
			runOnlyForDeploymentPostprocessing = 0;
		};
		67FBFB972D8B5A6600B32C5F /* Sources */ = {
			isa = PBXSourcesBuildPhase;
			buildActionMask = 2147483647;
			files = (
			);
			runOnlyForDeploymentPostprocessing = 0;
		};
		67FBFBA12D8B5A6600B32C5F /* Sources */ = {
			isa = PBXSourcesBuildPhase;
			buildActionMask = 2147483647;
			files = (
			);
			runOnlyForDeploymentPostprocessing = 0;
		};
/* End PBXSourcesBuildPhase section */

/* Begin PBXTargetDependency section */
		67FBFB9D2D8B5A6600B32C5F /* PBXTargetDependency */ = {
			isa = PBXTargetDependency;
			target = 67FBFB852D8B5A6200B32C5F /* FLAGMAPPER */;
			targetProxy = 67FBFB9C2D8B5A6600B32C5F /* PBXContainerItemProxy */;
		};
		67FBFBA72D8B5A6600B32C5F /* PBXTargetDependency */ = {
			isa = PBXTargetDependency;
			target = 67FBFB852D8B5A6200B32C5F /* FLAGMAPPER */;
			targetProxy = 67FBFBA62D8B5A6600B32C5F /* PBXContainerItemProxy */;
		};
/* End PBXTargetDependency section */

/* Begin XCBuildConfiguration section */
		67FBFBAD2D8B5A6600B32C5F /* Debug */ = {
			isa = XCBuildConfiguration;
			buildSettings = {
				ALWAYS_SEARCH_USER_PATHS = NO;
				ASSETCATALOG_COMPILER_GENERATE_SWIFT_ASSET_SYMBOL_EXTENSIONS = YES;
				CLANG_ANALYZER_NONNULL = YES;
				CLANG_ANALYZER_NUMBER_OBJECT_CONVERSION = YES_AGGRESSIVE;
				CLANG_CXX_LANGUAGE_STANDARD = "gnu++20";
				CLANG_ENABLE_MODULES = YES;
				CLANG_ENABLE_OBJC_ARC = YES;
				CLANG_ENABLE_OBJC_WEAK = YES;
				CLANG_WARN_BLOCK_CAPTURE_AUTORELEASING = YES;
				CLANG_WARN_BOOL_CONVERSION = YES;
				CLANG_WARN_COMMA = YES;
				CLANG_WARN_CONSTANT_CONVERSION = YES;
				CLANG_WARN_DEPRECATED_OBJC_IMPLEMENTATIONS = YES;
				CLANG_WARN_DIRECT_OBJC_ISA_USAGE = YES_ERROR;
				CLANG_WARN_DOCUMENTATION_COMMENTS = YES;
				CLANG_WARN_EMPTY_BODY = YES;
				CLANG_WARN_ENUM_CONVERSION = YES;
				CLANG_WARN_INFINITE_RECURSION = YES;
				CLANG_WARN_INT_CONVERSION = YES;
				CLANG_WARN_NON_LITERAL_NULL_CONVERSION = YES;
				CLANG_WARN_OBJC_IMPLICIT_RETAIN_SELF = YES;
				CLANG_WARN_OBJC_LITERAL_CONVERSION = YES;
				CLANG_WARN_OBJC_ROOT_CLASS = YES_ERROR;
				CLANG_WARN_QUOTED_INCLUDE_IN_FRAMEWORK_HEADER = YES;
				CLANG_WARN_RANGE_LOOP_ANALYSIS = YES;
				CLANG_WARN_STRICT_PROTOTYPES = YES;
				CLANG_WARN_SUSPICIOUS_MOVE = YES;
				CLANG_WARN_UNGUARDED_AVAILABILITY = YES_AGGRESSIVE;
				CLANG_WARN_UNREACHABLE_CODE = YES;
				CLANG_WARN__DUPLICATE_METHOD_MATCH = YES;
				COPY_PHASE_STRIP = NO;
				DEBUG_INFORMATION_FORMAT = dwarf;
				ENABLE_STRICT_OBJC_MSGSEND = YES;
				ENABLE_TESTABILITY = YES;
				ENABLE_USER_SCRIPT_SANDBOXING = YES;
				GCC_C_LANGUAGE_STANDARD = gnu17;
				GCC_DYNAMIC_NO_PIC = NO;
				GCC_NO_COMMON_BLOCKS = YES;
				GCC_OPTIMIZATION_LEVEL = 0;
				GCC_PREPROCESSOR_DEFINITIONS = (
					"DEBUG=1",
					"$(inherited)",
				);
				GCC_WARN_64_TO_32_BIT_CONVERSION = YES;
				GCC_WARN_ABOUT_RETURN_TYPE = YES_ERROR;
				GCC_WARN_UNDECLARED_SELECTOR = YES;
				GCC_WARN_UNINITIALIZED_AUTOS = YES_AGGRESSIVE;
				GCC_WARN_UNUSED_FUNCTION = YES;
				GCC_WARN_UNUSED_VARIABLE = YES;
				IPHONEOS_DEPLOYMENT_TARGET = 18.2;
				LOCALIZATION_PREFERS_STRING_CATALOGS = YES;
				MTL_ENABLE_DEBUG_INFO = INCLUDE_SOURCE;
				MTL_FAST_MATH = YES;
				ONLY_ACTIVE_ARCH = YES;
				SDKROOT = iphoneos;
				SWIFT_ACTIVE_COMPILATION_CONDITIONS = "DEBUG $(inherited)";
				SWIFT_OPTIMIZATION_LEVEL = "-Onone";
			};
			name = Debug;
		};
		67FBFBAE2D8B5A6600B32C5F /* Release */ = {
			isa = XCBuildConfiguration;
			buildSettings = {
				ALWAYS_SEARCH_USER_PATHS = NO;
				ASSETCATALOG_COMPILER_GENERATE_SWIFT_ASSET_SYMBOL_EXTENSIONS = YES;
				CLANG_ANALYZER_NONNULL = YES;
				CLANG_ANALYZER_NUMBER_OBJECT_CONVERSION = YES_AGGRESSIVE;
				CLANG_CXX_LANGUAGE_STANDARD = "gnu++20";
				CLANG_ENABLE_MODULES = YES;
				CLANG_ENABLE_OBJC_ARC = YES;
				CLANG_ENABLE_OBJC_WEAK = YES;
				CLANG_WARN_BLOCK_CAPTURE_AUTORELEASING = YES;
				CLANG_WARN_BOOL_CONVERSION = YES;
				CLANG_WARN_COMMA = YES;
				CLANG_WARN_CONSTANT_CONVERSION = YES;
				CLANG_WARN_DEPRECATED_OBJC_IMPLEMENTATIONS = YES;
				CLANG_WARN_DIRECT_OBJC_ISA_USAGE = YES_ERROR;
				CLANG_WARN_DOCUMENTATION_COMMENTS = YES;
				CLANG_WARN_EMPTY_BODY = YES;
				CLANG_WARN_ENUM_CONVERSION = YES;
				CLANG_WARN_INFINITE_RECURSION = YES;
				CLANG_WARN_INT_CONVERSION = YES;
				CLANG_WARN_NON_LITERAL_NULL_CONVERSION = YES;
				CLANG_WARN_OBJC_IMPLICIT_RETAIN_SELF = YES;
				CLANG_WARN_OBJC_LITERAL_CONVERSION = YES;
				CLANG_WARN_OBJC_ROOT_CLASS = YES_ERROR;
				CLANG_WARN_QUOTED_INCLUDE_IN_FRAMEWORK_HEADER = YES;
				CLANG_WARN_RANGE_LOOP_ANALYSIS = YES;
				CLANG_WARN_STRICT_PROTOTYPES = YES;
				CLANG_WARN_SUSPICIOUS_MOVE = YES;
				CLANG_WARN_UNGUARDED_AVAILABILITY = YES_AGGRESSIVE;
				CLANG_WARN_UNREACHABLE_CODE = YES;
				CLANG_WARN__DUPLICATE_METHOD_MATCH = YES;
				COPY_PHASE_STRIP = NO;
				DEBUG_INFORMATION_FORMAT = "dwarf-with-dsym";
				ENABLE_NS_ASSERTIONS = NO;
				ENABLE_STRICT_OBJC_MSGSEND = YES;
				ENABLE_USER_SCRIPT_SANDBOXING = YES;
				GCC_C_LANGUAGE_STANDARD = gnu17;
				GCC_NO_COMMON_BLOCKS = YES;
				GCC_WARN_64_TO_32_BIT_CONVERSION = YES;
				GCC_WARN_ABOUT_RETURN_TYPE = YES_ERROR;
				GCC_WARN_UNDECLARED_SELECTOR = YES;
				GCC_WARN_UNINITIALIZED_AUTOS = YES_AGGRESSIVE;
				GCC_WARN_UNUSED_FUNCTION = YES;
				GCC_WARN_UNUSED_VARIABLE = YES;
				IPHONEOS_DEPLOYMENT_TARGET = 18.2;
				LOCALIZATION_PREFERS_STRING_CATALOGS = YES;
				MTL_ENABLE_DEBUG_INFO = NO;
				MTL_FAST_MATH = YES;
				SDKROOT = iphoneos;
				SWIFT_COMPILATION_MODE = wholemodule;
				VALIDATE_PRODUCT = YES;
			};
			name = Release;
		};
		67FBFBB02D8B5A6600B32C5F /* Debug */ = {
			isa = XCBuildConfiguration;
			buildSettings = {
				ASSETCATALOG_COMPILER_APPICON_NAME = AppIcon;
				ASSETCATALOG_COMPILER_GLOBAL_ACCENT_COLOR_NAME = AccentColor;
				CODE_SIGN_STYLE = Automatic;
				CURRENT_PROJECT_VERSION = 1;
				DEVELOPMENT_ASSET_PATHS = "\"FLAGMAPPER/Preview Content\"";
				DEVELOPMENT_TEAM = R5Z89H9P4V;
				ENABLE_PREVIEWS = YES;
				GENERATE_INFOPLIST_FILE = YES;
				INFOPLIST_KEY_NSLocationAlwaysAndWhenInUseUsageDescription = "We gotta use it 2";
				INFOPLIST_KEY_NSLocationUsageDescription = "We gotta use it 3";
				INFOPLIST_KEY_NSLocationWhenInUseUsageDescription = "We gotta use it";
				INFOPLIST_KEY_UIApplicationSceneManifest_Generation = YES;
				INFOPLIST_KEY_UIApplicationSupportsIndirectInputEvents = YES;
				INFOPLIST_KEY_UILaunchScreen_Generation = YES;
				INFOPLIST_KEY_UISupportedInterfaceOrientations_iPad = "UIInterfaceOrientationPortrait UIInterfaceOrientationPortraitUpsideDown UIInterfaceOrientationLandscapeLeft UIInterfaceOrientationLandscapeRight";
				INFOPLIST_KEY_UISupportedInterfaceOrientations_iPhone = "UIInterfaceOrientationPortrait UIInterfaceOrientationLandscapeLeft UIInterfaceOrientationLandscapeRight";
				LD_RUNPATH_SEARCH_PATHS = (
					"$(inherited)",
					"@executable_path/Frameworks",
				);
				MARKETING_VERSION = 1.0;
				PRODUCT_BUNDLE_IDENTIFIER = mcculloch.FLAGMAPPER;
				PRODUCT_NAME = "$(TARGET_NAME)";
				SWIFT_EMIT_LOC_STRINGS = YES;
				SWIFT_VERSION = 5.0;
				TARGETED_DEVICE_FAMILY = "1,2";
			};
			name = Debug;
		};
		67FBFBB12D8B5A6600B32C5F /* Release */ = {
			isa = XCBuildConfiguration;
			buildSettings = {
				ASSETCATALOG_COMPILER_APPICON_NAME = AppIcon;
				ASSETCATALOG_COMPILER_GLOBAL_ACCENT_COLOR_NAME = AccentColor;
				CODE_SIGN_STYLE = Automatic;
				CURRENT_PROJECT_VERSION = 1;
				DEVELOPMENT_ASSET_PATHS = "\"FLAGMAPPER/Preview Content\"";
				DEVELOPMENT_TEAM = R5Z89H9P4V;
				ENABLE_PREVIEWS = YES;
				GENERATE_INFOPLIST_FILE = YES;
				INFOPLIST_KEY_NSLocationAlwaysAndWhenInUseUsageDescription = "We gotta use it 2";
				INFOPLIST_KEY_NSLocationUsageDescription = "We gotta use it 3";
				INFOPLIST_KEY_NSLocationWhenInUseUsageDescription = "We gotta use it";
				INFOPLIST_KEY_UIApplicationSceneManifest_Generation = YES;
				INFOPLIST_KEY_UIApplicationSupportsIndirectInputEvents = YES;
				INFOPLIST_KEY_UILaunchScreen_Generation = YES;
				INFOPLIST_KEY_UISupportedInterfaceOrientations_iPad = "UIInterfaceOrientationPortrait UIInterfaceOrientationPortraitUpsideDown UIInterfaceOrientationLandscapeLeft UIInterfaceOrientationLandscapeRight";
				INFOPLIST_KEY_UISupportedInterfaceOrientations_iPhone = "UIInterfaceOrientationPortrait UIInterfaceOrientationLandscapeLeft UIInterfaceOrientationLandscapeRight";
				LD_RUNPATH_SEARCH_PATHS = (
					"$(inherited)",
					"@executable_path/Frameworks",
				);
				MARKETING_VERSION = 1.0;
				PRODUCT_BUNDLE_IDENTIFIER = mcculloch.FLAGMAPPER;
				PRODUCT_NAME = "$(TARGET_NAME)";
				SWIFT_EMIT_LOC_STRINGS = YES;
				SWIFT_VERSION = 5.0;
				TARGETED_DEVICE_FAMILY = "1,2";
			};
			name = Release;
		};
		67FBFBB32D8B5A6600B32C5F /* Debug */ = {
			isa = XCBuildConfiguration;
			buildSettings = {
				BUNDLE_LOADER = "$(TEST_HOST)";
				CODE_SIGN_STYLE = Automatic;
				CURRENT_PROJECT_VERSION = 1;
				DEVELOPMENT_TEAM = R5Z89H9P4V;
				GENERATE_INFOPLIST_FILE = YES;
				IPHONEOS_DEPLOYMENT_TARGET = 18.2;
				MARKETING_VERSION = 1.0;
				PRODUCT_BUNDLE_IDENTIFIER = mcculloch.FLAGMAPPERTests;
				PRODUCT_NAME = "$(TARGET_NAME)";
				SWIFT_EMIT_LOC_STRINGS = NO;
				SWIFT_VERSION = 5.0;
				TARGETED_DEVICE_FAMILY = "1,2";
				TEST_HOST = "$(BUILT_PRODUCTS_DIR)/FLAGMAPPER.app/$(BUNDLE_EXECUTABLE_FOLDER_PATH)/FLAGMAPPER";
			};
			name = Debug;
		};
		67FBFBB42D8B5A6600B32C5F /* Release */ = {
			isa = XCBuildConfiguration;
			buildSettings = {
				BUNDLE_LOADER = "$(TEST_HOST)";
				CODE_SIGN_STYLE = Automatic;
				CURRENT_PROJECT_VERSION = 1;
				DEVELOPMENT_TEAM = R5Z89H9P4V;
				GENERATE_INFOPLIST_FILE = YES;
				IPHONEOS_DEPLOYMENT_TARGET = 18.2;
				MARKETING_VERSION = 1.0;
				PRODUCT_BUNDLE_IDENTIFIER = mcculloch.FLAGMAPPERTests;
				PRODUCT_NAME = "$(TARGET_NAME)";
				SWIFT_EMIT_LOC_STRINGS = NO;
				SWIFT_VERSION = 5.0;
				TARGETED_DEVICE_FAMILY = "1,2";
				TEST_HOST = "$(BUILT_PRODUCTS_DIR)/FLAGMAPPER.app/$(BUNDLE_EXECUTABLE_FOLDER_PATH)/FLAGMAPPER";
			};
			name = Release;
		};
		67FBFBB62D8B5A6600B32C5F /* Debug */ = {
			isa = XCBuildConfiguration;
			buildSettings = {
				CODE_SIGN_STYLE = Automatic;
				CURRENT_PROJECT_VERSION = 1;
				DEVELOPMENT_TEAM = R5Z89H9P4V;
				GENERATE_INFOPLIST_FILE = YES;
				MARKETING_VERSION = 1.0;
				PRODUCT_BUNDLE_IDENTIFIER = mcculloch.FLAGMAPPERUITests;
				PRODUCT_NAME = "$(TARGET_NAME)";
				SWIFT_EMIT_LOC_STRINGS = NO;
				SWIFT_VERSION = 5.0;
				TARGETED_DEVICE_FAMILY = "1,2";
				TEST_TARGET_NAME = FLAGMAPPER;
			};
			name = Debug;
		};
		67FBFBB72D8B5A6600B32C5F /* Release */ = {
			isa = XCBuildConfiguration;
			buildSettings = {
				CODE_SIGN_STYLE = Automatic;
				CURRENT_PROJECT_VERSION = 1;
				DEVELOPMENT_TEAM = R5Z89H9P4V;
				GENERATE_INFOPLIST_FILE = YES;
				MARKETING_VERSION = 1.0;
				PRODUCT_BUNDLE_IDENTIFIER = mcculloch.FLAGMAPPERUITests;
				PRODUCT_NAME = "$(TARGET_NAME)";
				SWIFT_EMIT_LOC_STRINGS = NO;
				SWIFT_VERSION = 5.0;
				TARGETED_DEVICE_FAMILY = "1,2";
				TEST_TARGET_NAME = FLAGMAPPER;
			};
			name = Release;
		};
/* End XCBuildConfiguration section */

/* Begin XCConfigurationList section */
		67FBFB812D8B5A6200B32C5F /* Build configuration list for PBXProject "FLAGMAPPER" */ = {
			isa = XCConfigurationList;
			buildConfigurations = (
				67FBFBAD2D8B5A6600B32C5F /* Debug */,
				67FBFBAE2D8B5A6600B32C5F /* Release */,
			);
			defaultConfigurationIsVisible = 0;
			defaultConfigurationName = Release;
		};
		67FBFBAF2D8B5A6600B32C5F /* Build configuration list for PBXNativeTarget "FLAGMAPPER" */ = {
			isa = XCConfigurationList;
			buildConfigurations = (
				67FBFBB02D8B5A6600B32C5F /* Debug */,
				67FBFBB12D8B5A6600B32C5F /* Release */,
			);
			defaultConfigurationIsVisible = 0;
			defaultConfigurationName = Release;
		};
		67FBFBB22D8B5A6600B32C5F /* Build configuration list for PBXNativeTarget "FLAGMAPPERTests" */ = {
			isa = XCConfigurationList;
			buildConfigurations = (
				67FBFBB32D8B5A6600B32C5F /* Debug */,
				67FBFBB42D8B5A6600B32C5F /* Release */,
			);
			defaultConfigurationIsVisible = 0;
			defaultConfigurationName = Release;
		};
		67FBFBB52D8B5A6600B32C5F /* Build configuration list for PBXNativeTarget "FLAGMAPPERUITests" */ = {
			isa = XCConfigurationList;
			buildConfigurations = (
				67FBFBB62D8B5A6600B32C5F /* Debug */,
				67FBFBB72D8B5A6600B32C5F /* Release */,
			);
			defaultConfigurationIsVisible = 0;
			defaultConfigurationName = Release;
		};
/* End XCConfigurationList section */
	};
	rootObject = 67FBFB7E2D8B5A6200B32C5F /* Project object */;
}
